// !$*UTF8*$!
{
	archiveVersion = 1;
	classes = {
	};
	objectVersion = 77;
	objects = {

/* Begin PBXContainerItemProxy section */
		C94788472D0232F600E0F0FE /* PBXContainerItemProxy */ = {
			isa = PBXContainerItemProxy;
			containerPortal = C947882E2D0232F500E0F0FE /* Project object */;
			proxyType = 1;
			remoteGlobalIDString = C94788352D0232F500E0F0FE;
			remoteInfo = "Achieve App";
		};
		C94788512D0232F600E0F0FE /* PBXContainerItemProxy */ = {
			isa = PBXContainerItemProxy;
			containerPortal = C947882E2D0232F500E0F0FE /* Project object */;
			proxyType = 1;
			remoteGlobalIDString = C94788352D0232F500E0F0FE;
			remoteInfo = "Achieve App";
		};
/* End PBXContainerItemProxy section */

/* Begin PBXFileReference section */
		C94788362D0232F500E0F0FE /* Achieve App.app */ = {isa = PBXFileReference; explicitFileType = wrapper.application; includeInIndex = 0; path = "Achieve App.app"; sourceTree = BUILT_PRODUCTS_DIR; };
		C94788462D0232F600E0F0FE /* Achieve AppTests.xctest */ = {isa = PBXFileReference; explicitFileType = wrapper.cfbundle; includeInIndex = 0; path = "Achieve AppTests.xctest"; sourceTree = BUILT_PRODUCTS_DIR; };
		C94788502D0232F600E0F0FE /* Achieve AppUITests.xctest */ = {isa = PBXFileReference; explicitFileType = wrapper.cfbundle; includeInIndex = 0; path = "Achieve AppUITests.xctest"; sourceTree = BUILT_PRODUCTS_DIR; };
/* End PBXFileReference section */

/* Begin PBXFileSystemSynchronizedBuildFileExceptionSet section */
		C94788682D0233E400E0F0FE /* Exceptions for "Achieve App" folder in "Achieve AppTests" target */ = {
			isa = PBXFileSystemSynchronizedBuildFileExceptionSet;
			membershipExceptions = (
				"Preview Content/AccountSettingsView.swift",
				"Preview Content/ActivityCard.swift",
				"Preview Content/HealthManager.swift",
				"Preview Content/NotificationsView.swift",
				"Preview Content/ProfileView.swift",
				"Preview Content/TabView.swift",
				"Preview Content/WeightCard.swift",
			);
			target = C94788452D0232F600E0F0FE /* Achieve AppTests */;
		};
/* End PBXFileSystemSynchronizedBuildFileExceptionSet section */

/* Begin PBXFileSystemSynchronizedRootGroup section */
		C94788382D0232F500E0F0FE /* Achieve App */ = {
			isa = PBXFileSystemSynchronizedRootGroup;
			exceptions = (
				C94788682D0233E400E0F0FE /* Exceptions for "Achieve App" folder in "Achieve AppTests" target */,
			);
			path = "Achieve App";
			sourceTree = "<group>";
		};
		C94788492D0232F600E0F0FE /* Achieve AppTests */ = {
			isa = PBXFileSystemSynchronizedRootGroup;
			path = "Achieve AppTests";
			sourceTree = "<group>";
		};
		C94788532D0232F600E0F0FE /* Achieve AppUITests */ = {
			isa = PBXFileSystemSynchronizedRootGroup;
			path = "Achieve AppUITests";
			sourceTree = "<group>";
		};
/* End PBXFileSystemSynchronizedRootGroup section */

/* Begin PBXFrameworksBuildPhase section */
		C94788332D0232F500E0F0FE /* Frameworks */ = {
			isa = PBXFrameworksBuildPhase;
			buildActionMask = 2147483647;
			files = (
			);
			runOnlyForDeploymentPostprocessing = 0;
		};
		C94788432D0232F600E0F0FE /* Frameworks */ = {
			isa = PBXFrameworksBuildPhase;
			buildActionMask = 2147483647;
			files = (
			);
			runOnlyForDeploymentPostprocessing = 0;
		};
		C947884D2D0232F600E0F0FE /* Frameworks */ = {
			isa = PBXFrameworksBuildPhase;
			buildActionMask = 2147483647;
			files = (
			);
			runOnlyForDeploymentPostprocessing = 0;
		};
/* End PBXFrameworksBuildPhase section */

/* Begin PBXGroup section */
		C947882D2D0232F500E0F0FE = {
			isa = PBXGroup;
			children = (
				C94788382D0232F500E0F0FE /* Achieve App */,
				C94788492D0232F600E0F0FE /* Achieve AppTests */,
				C94788532D0232F600E0F0FE /* Achieve AppUITests */,
				C94788372D0232F500E0F0FE /* Products */,
			);
			sourceTree = "<group>";
		};
		C94788372D0232F500E0F0FE /* Products */ = {
			isa = PBXGroup;
			children = (
				C94788362D0232F500E0F0FE /* Achieve App.app */,
				C94788462D0232F600E0F0FE /* Achieve AppTests.xctest */,
				C94788502D0232F600E0F0FE /* Achieve AppUITests.xctest */,
			);
			name = Products;
			sourceTree = "<group>";
		};
/* End PBXGroup section */

/* Begin PBXNativeTarget section */
		C94788352D0232F500E0F0FE /* Achieve App */ = {
			isa = PBXNativeTarget;
			buildConfigurationList = C947885A2D0232F600E0F0FE /* Build configuration list for PBXNativeTarget "Achieve App" */;
			buildPhases = (
				C94788322D0232F500E0F0FE /* Sources */,
				C94788332D0232F500E0F0FE /* Frameworks */,
				C94788342D0232F500E0F0FE /* Resources */,
			);
			buildRules = (
			);
			dependencies = (
			);
			fileSystemSynchronizedGroups = (
				C94788382D0232F500E0F0FE /* Achieve App */,
			);
			name = "Achieve App";
			packageProductDependencies = (
			);
			productName = "Achieve App";
			productReference = C94788362D0232F500E0F0FE /* Achieve App.app */;
			productType = "com.apple.product-type.application";
		};
		C94788452D0232F600E0F0FE /* Achieve AppTests */ = {
			isa = PBXNativeTarget;
			buildConfigurationList = C947885D2D0232F600E0F0FE /* Build configuration list for PBXNativeTarget "Achieve AppTests" */;
			buildPhases = (
				C94788422D0232F600E0F0FE /* Sources */,
				C94788432D0232F600E0F0FE /* Frameworks */,
				C94788442D0232F600E0F0FE /* Resources */,
			);
			buildRules = (
			);
			dependencies = (
				C94788482D0232F600E0F0FE /* PBXTargetDependency */,
			);
			fileSystemSynchronizedGroups = (
				C94788492D0232F600E0F0FE /* Achieve AppTests */,
			);
			name = "Achieve AppTests";
			packageProductDependencies = (
			);
			productName = "Achieve AppTests";
			productReference = C94788462D0232F600E0F0FE /* Achieve AppTests.xctest */;
			productType = "com.apple.product-type.bundle.unit-test";
		};
		C947884F2D0232F600E0F0FE /* Achieve AppUITests */ = {
			isa = PBXNativeTarget;
			buildConfigurationList = C94788602D0232F600E0F0FE /* Build configuration list for PBXNativeTarget "Achieve AppUITests" */;
			buildPhases = (
				C947884C2D0232F600E0F0FE /* Sources */,
				C947884D2D0232F600E0F0FE /* Frameworks */,
				C947884E2D0232F600E0F0FE /* Resources */,
			);
			buildRules = (
			);
			dependencies = (
				C94788522D0232F600E0F0FE /* PBXTargetDependency */,
			);
			fileSystemSynchronizedGroups = (
				C94788532D0232F600E0F0FE /* Achieve AppUITests */,
			);
			name = "Achieve AppUITests";
			packageProductDependencies = (
			);
			productName = "Achieve AppUITests";
			productReference = C94788502D0232F600E0F0FE /* Achieve AppUITests.xctest */;
			productType = "com.apple.product-type.bundle.ui-testing";
		};
/* End PBXNativeTarget section */

/* Begin PBXProject section */
		C947882E2D0232F500E0F0FE /* Project object */ = {
			isa = PBXProject;
			attributes = {
				BuildIndependentTargetsInParallel = 1;
				LastSwiftUpdateCheck = 1610;
				LastUpgradeCheck = 1610;
				TargetAttributes = {
					C94788352D0232F500E0F0FE = {
						CreatedOnToolsVersion = 16.1;
					};
					C94788452D0232F600E0F0FE = {
						CreatedOnToolsVersion = 16.1;
						TestTargetID = C94788352D0232F500E0F0FE;
					};
					C947884F2D0232F600E0F0FE = {
						CreatedOnToolsVersion = 16.1;
						TestTargetID = C94788352D0232F500E0F0FE;
					};
				};
			};
			buildConfigurationList = C94788312D0232F500E0F0FE /* Build configuration list for PBXProject "Achieve App" */;
			developmentRegion = en;
			hasScannedForEncodings = 0;
			knownRegions = (
				en,
				Base,
			);
			mainGroup = C947882D2D0232F500E0F0FE;
			minimizedProjectReferenceProxies = 1;
			preferredProjectObjectVersion = 77;
			productRefGroup = C94788372D0232F500E0F0FE /* Products */;
			projectDirPath = "";
			projectRoot = "";
			targets = (
				C94788352D0232F500E0F0FE /* Achieve App */,
				C94788452D0232F600E0F0FE /* Achieve AppTests */,
				C947884F2D0232F600E0F0FE /* Achieve AppUITests */,
			);
		};
/* End PBXProject section */

/* Begin PBXResourcesBuildPhase section */
		C94788342D0232F500E0F0FE /* Resources */ = {
			isa = PBXResourcesBuildPhase;
			buildActionMask = 2147483647;
			files = (
			);
			runOnlyForDeploymentPostprocessing = 0;
		};
		C94788442D0232F600E0F0FE /* Resources */ = {
			isa = PBXResourcesBuildPhase;
			buildActionMask = 2147483647;
			files = (
			);
			runOnlyForDeploymentPostprocessing = 0;
		};
		C947884E2D0232F600E0F0FE /* Resources */ = {
			isa = PBXResourcesBuildPhase;
			buildActionMask = 2147483647;
			files = (
			);
			runOnlyForDeploymentPostprocessing = 0;
		};
/* End PBXResourcesBuildPhase section */

/* Begin PBXSourcesBuildPhase section */
		C94788322D0232F500E0F0FE /* Sources */ = {
			isa = PBXSourcesBuildPhase;
			buildActionMask = 2147483647;
			files = (
			);
			runOnlyForDeploymentPostprocessing = 0;
		};
		C94788422D0232F600E0F0FE /* Sources */ = {
			isa = PBXSourcesBuildPhase;
			buildActionMask = 2147483647;
			files = (
			);
			runOnlyForDeploymentPostprocessing = 0;
		};
		C947884C2D0232F600E0F0FE /* Sources */ = {
			isa = PBXSourcesBuildPhase;
			buildActionMask = 2147483647;
			files = (
			);
			runOnlyForDeploymentPostprocessing = 0;
		};
/* End PBXSourcesBuildPhase section */

/* Begin PBXTargetDependency section */
		C94788482D0232F600E0F0FE /* PBXTargetDependency */ = {
			isa = PBXTargetDependency;
			target = C94788352D0232F500E0F0FE /* Achieve App */;
			targetProxy = C94788472D0232F600E0F0FE /* PBXContainerItemProxy */;
		};
		C94788522D0232F600E0F0FE /* PBXTargetDependency */ = {
			isa = PBXTargetDependency;
			target = C94788352D0232F500E0F0FE /* Achieve App */;
			targetProxy = C94788512D0232F600E0F0FE /* PBXContainerItemProxy */;
		};
/* End PBXTargetDependency section */

/* Begin XCBuildConfiguration section */
		C94788582D0232F600E0F0FE /* Debug */ = {
			isa = XCBuildConfiguration;
			buildSettings = {
				ALWAYS_SEARCH_USER_PATHS = NO;
				ASSETCATALOG_COMPILER_GENERATE_SWIFT_ASSET_SYMBOL_EXTENSIONS = YES;
				CLANG_ANALYZER_NONNULL = YES;
				CLANG_ANALYZER_NUMBER_OBJECT_CONVERSION = YES_AGGRESSIVE;
				CLANG_CXX_LANGUAGE_STANDARD = "gnu++20";
				CLANG_ENABLE_MODULES = YES;
				CLANG_ENABLE_OBJC_ARC = YES;
				CLANG_ENABLE_OBJC_WEAK = YES;
				CLANG_WARN_BLOCK_CAPTURE_AUTORELEASING = YES;
				CLANG_WARN_BOOL_CONVERSION = YES;
				CLANG_WARN_COMMA = YES;
				CLANG_WARN_CONSTANT_CONVERSION = YES;
				CLANG_WARN_DEPRECATED_OBJC_IMPLEMENTATIONS = YES;
				CLANG_WARN_DIRECT_OBJC_ISA_USAGE = YES_ERROR;
				CLANG_WARN_DOCUMENTATION_COMMENTS = YES;
				CLANG_WARN_EMPTY_BODY = YES;
				CLANG_WARN_ENUM_CONVERSION = YES;
				CLANG_WARN_INFINITE_RECURSION = YES;
				CLANG_WARN_INT_CONVERSION = YES;
				CLANG_WARN_NON_LITERAL_NULL_CONVERSION = YES;
				CLANG_WARN_OBJC_IMPLICIT_RETAIN_SELF = YES;
				CLANG_WARN_OBJC_LITERAL_CONVERSION = YES;
				CLANG_WARN_OBJC_ROOT_CLASS = YES_ERROR;
				CLANG_WARN_QUOTED_INCLUDE_IN_FRAMEWORK_HEADER = YES;
				CLANG_WARN_RANGE_LOOP_ANALYSIS = YES;
				CLANG_WARN_STRICT_PROTOTYPES = YES;
				CLANG_WARN_SUSPICIOUS_MOVE = YES;
				CLANG_WARN_UNGUARDED_AVAILABILITY = YES_AGGRESSIVE;
				CLANG_WARN_UNREACHABLE_CODE = YES;
				CLANG_WARN__DUPLICATE_METHOD_MATCH = YES;
				COPY_PHASE_STRIP = NO;
				DEBUG_INFORMATION_FORMAT = dwarf;
				ENABLE_STRICT_OBJC_MSGSEND = YES;
				ENABLE_TESTABILITY = YES;
				ENABLE_USER_SCRIPT_SANDBOXING = YES;
				GCC_C_LANGUAGE_STANDARD = gnu17;
				GCC_DYNAMIC_NO_PIC = NO;
				GCC_NO_COMMON_BLOCKS = YES;
				GCC_OPTIMIZATION_LEVEL = 0;
				GCC_PREPROCESSOR_DEFINITIONS = (
					"DEBUG=1",
					"$(inherited)",
				);
				GCC_WARN_64_TO_32_BIT_CONVERSION = YES;
				GCC_WARN_ABOUT_RETURN_TYPE = YES_ERROR;
				GCC_WARN_UNDECLARED_SELECTOR = YES;
				GCC_WARN_UNINITIALIZED_AUTOS = YES_AGGRESSIVE;
				GCC_WARN_UNUSED_FUNCTION = YES;
				GCC_WARN_UNUSED_VARIABLE = YES;
				IPHONEOS_DEPLOYMENT_TARGET = 18.1;
				LOCALIZATION_PREFERS_STRING_CATALOGS = YES;
				MTL_ENABLE_DEBUG_INFO = INCLUDE_SOURCE;
				MTL_FAST_MATH = YES;
				ONLY_ACTIVE_ARCH = YES;
				SDKROOT = iphoneos;
				SWIFT_ACTIVE_COMPILATION_CONDITIONS = "DEBUG $(inherited)";
				SWIFT_OPTIMIZATION_LEVEL = "-Onone";
			};
			name = Debug;
		};
		C94788592D0232F600E0F0FE /* Release */ = {
			isa = XCBuildConfiguration;
			buildSettings = {
				ALWAYS_SEARCH_USER_PATHS = NO;
				ASSETCATALOG_COMPILER_GENERATE_SWIFT_ASSET_SYMBOL_EXTENSIONS = YES;
				CLANG_ANALYZER_NONNULL = YES;
				CLANG_ANALYZER_NUMBER_OBJECT_CONVERSION = YES_AGGRESSIVE;
				CLANG_CXX_LANGUAGE_STANDARD = "gnu++20";
				CLANG_ENABLE_MODULES = YES;
				CLANG_ENABLE_OBJC_ARC = YES;
				CLANG_ENABLE_OBJC_WEAK = YES;
				CLANG_WARN_BLOCK_CAPTURE_AUTORELEASING = YES;
				CLANG_WARN_BOOL_CONVERSION = YES;
				CLANG_WARN_COMMA = YES;
				CLANG_WARN_CONSTANT_CONVERSION = YES;
				CLANG_WARN_DEPRECATED_OBJC_IMPLEMENTATIONS = YES;
				CLANG_WARN_DIRECT_OBJC_ISA_USAGE = YES_ERROR;
				CLANG_WARN_DOCUMENTATION_COMMENTS = YES;
				CLANG_WARN_EMPTY_BODY = YES;
				CLANG_WARN_ENUM_CONVERSION = YES;
				CLANG_WARN_INFINITE_RECURSION = YES;
				CLANG_WARN_INT_CONVERSION = YES;
				CLANG_WARN_NON_LITERAL_NULL_CONVERSION = YES;
				CLANG_WARN_OBJC_IMPLICIT_RETAIN_SELF = YES;
				CLANG_WARN_OBJC_LITERAL_CONVERSION = YES;
				CLANG_WARN_OBJC_ROOT_CLASS = YES_ERROR;
				CLANG_WARN_QUOTED_INCLUDE_IN_FRAMEWORK_HEADER = YES;
				CLANG_WARN_RANGE_LOOP_ANALYSIS = YES;
				CLANG_WARN_STRICT_PROTOTYPES = YES;
				CLANG_WARN_SUSPICIOUS_MOVE = YES;
				CLANG_WARN_UNGUARDED_AVAILABILITY = YES_AGGRESSIVE;
				CLANG_WARN_UNREACHABLE_CODE = YES;
				CLANG_WARN__DUPLICATE_METHOD_MATCH = YES;
				COPY_PHASE_STRIP = NO;
				DEBUG_INFORMATION_FORMAT = "dwarf-with-dsym";
				ENABLE_NS_ASSERTIONS = NO;
				ENABLE_STRICT_OBJC_MSGSEND = YES;
				ENABLE_USER_SCRIPT_SANDBOXING = YES;
				GCC_C_LANGUAGE_STANDARD = gnu17;
				GCC_NO_COMMON_BLOCKS = YES;
				GCC_WARN_64_TO_32_BIT_CONVERSION = YES;
				GCC_WARN_ABOUT_RETURN_TYPE = YES_ERROR;
				GCC_WARN_UNDECLARED_SELECTOR = YES;
				GCC_WARN_UNINITIALIZED_AUTOS = YES_AGGRESSIVE;
				GCC_WARN_UNUSED_FUNCTION = YES;
				GCC_WARN_UNUSED_VARIABLE = YES;
				IPHONEOS_DEPLOYMENT_TARGET = 18.1;
				LOCALIZATION_PREFERS_STRING_CATALOGS = YES;
				MTL_ENABLE_DEBUG_INFO = NO;
				MTL_FAST_MATH = YES;
				SDKROOT = iphoneos;
				SWIFT_COMPILATION_MODE = wholemodule;
				VALIDATE_PRODUCT = YES;
			};
			name = Release;
		};
		C947885B2D0232F600E0F0FE /* Debug */ = {
			isa = XCBuildConfiguration;
			buildSettings = {
				ASSETCATALOG_COMPILER_APPICON_NAME = AppIcon;
				ASSETCATALOG_COMPILER_GLOBAL_ACCENT_COLOR_NAME = AccentColor;
				CODE_SIGN_ENTITLEMENTS = "Achieve App/Achieve App.entitlements";
				CODE_SIGN_STYLE = Automatic;
				CURRENT_PROJECT_VERSION = 1;
				DEVELOPMENT_ASSET_PATHS = "\"Achieve App/Preview Content\"";
				DEVELOPMENT_TEAM = R9KFAQ2SXY;
				ENABLE_PREVIEWS = YES;
				GENERATE_INFOPLIST_FILE = YES;
				INFOPLIST_KEY_NSHealthClinicalHealthRecordsShareUsageDescription = "Please allow acess to allow the full features of this app";
				INFOPLIST_KEY_NSHealthShareUsageDescription = "Please Allow to have full functionality within the App";
				INFOPLIST_KEY_UIApplicationSceneManifest_Generation = YES;
				INFOPLIST_KEY_UIApplicationSupportsIndirectInputEvents = YES;
				INFOPLIST_KEY_UILaunchScreen_Generation = YES;
				INFOPLIST_KEY_UISupportedInterfaceOrientations_iPad = "UIInterfaceOrientationPortrait UIInterfaceOrientationPortraitUpsideDown UIInterfaceOrientationLandscapeLeft UIInterfaceOrientationLandscapeRight";
				INFOPLIST_KEY_UISupportedInterfaceOrientations_iPhone = "UIInterfaceOrientationPortrait UIInterfaceOrientationLandscapeLeft UIInterfaceOrientationLandscapeRight";
				LD_RUNPATH_SEARCH_PATHS = (
					"$(inherited)",
					"@executable_path/Frameworks",
				);
				MARKETING_VERSION = 1.0;
				PRODUCT_BUNDLE_IDENTIFIER = "Achieve-Health.Achieve-App";
				PRODUCT_NAME = "$(TARGET_NAME)";
				SWIFT_EMIT_LOC_STRINGS = YES;
				SWIFT_VERSION = 5.0;
				TARGETED_DEVICE_FAMILY = "1,2";
			};
			name = Debug;
		};
		C947885C2D0232F600E0F0FE /* Release */ = {
			isa = XCBuildConfiguration;
			buildSettings = {
				ASSETCATALOG_COMPILER_APPICON_NAME = AppIcon;
				ASSETCATALOG_COMPILER_GLOBAL_ACCENT_COLOR_NAME = AccentColor;
				CODE_SIGN_ENTITLEMENTS = "Achieve App/Achieve App.entitlements";
				CODE_SIGN_STYLE = Automatic;
				CURRENT_PROJECT_VERSION = 1;
				DEVELOPMENT_ASSET_PATHS = "\"Achieve App/Preview Content\"";
				DEVELOPMENT_TEAM = R9KFAQ2SXY;
				ENABLE_PREVIEWS = YES;
				GENERATE_INFOPLIST_FILE = YES;
				INFOPLIST_KEY_NSHealthClinicalHealthRecordsShareUsageDescription = "Please allow acess to allow the full features of this app";
				INFOPLIST_KEY_NSHealthShareUsageDescription = "Please Allow to have full functionality within the App";
				INFOPLIST_KEY_UIApplicationSceneManifest_Generation = YES;
				INFOPLIST_KEY_UIApplicationSupportsIndirectInputEvents = YES;
				INFOPLIST_KEY_UILaunchScreen_Generation = YES;
				INFOPLIST_KEY_UISupportedInterfaceOrientations_iPad = "UIInterfaceOrientationPortrait UIInterfaceOrientationPortraitUpsideDown UIInterfaceOrientationLandscapeLeft UIInterfaceOrientationLandscapeRight";
				INFOPLIST_KEY_UISupportedInterfaceOrientations_iPhone = "UIInterfaceOrientationPortrait UIInterfaceOrientationLandscapeLeft UIInterfaceOrientationLandscapeRight";
				LD_RUNPATH_SEARCH_PATHS = (
					"$(inherited)",
					"@executable_path/Frameworks",
				);
				MARKETING_VERSION = 1.0;
				PRODUCT_BUNDLE_IDENTIFIER = "Achieve-Health.Achieve-App";
				PRODUCT_NAME = "$(TARGET_NAME)";
				SWIFT_EMIT_LOC_STRINGS = YES;
				SWIFT_VERSION = 5.0;
				TARGETED_DEVICE_FAMILY = "1,2";
			};
			name = Release;
		};
		C947885E2D0232F600E0F0FE /* Debug */ = {
			isa = XCBuildConfiguration;
			buildSettings = {
				BUNDLE_LOADER = "$(TEST_HOST)";
				CODE_SIGN_STYLE = Automatic;
				CURRENT_PROJECT_VERSION = 1;
				DEVELOPMENT_TEAM = R9KFAQ2SXY;
				GENERATE_INFOPLIST_FILE = YES;
				IPHONEOS_DEPLOYMENT_TARGET = 18.1;
				MARKETING_VERSION = 1.0;
				PRODUCT_BUNDLE_IDENTIFIER = "Achieve-Health.Achieve-AppTests";
				PRODUCT_NAME = "$(TARGET_NAME)";
				SWIFT_EMIT_LOC_STRINGS = NO;
				SWIFT_VERSION = 5.0;
				TARGETED_DEVICE_FAMILY = "1,2";
				TEST_HOST = "$(BUILT_PRODUCTS_DIR)/Achieve App.app/$(BUNDLE_EXECUTABLE_FOLDER_PATH)/Achieve App";
			};
			name = Debug;
		};
		C947885F2D0232F600E0F0FE /* Release */ = {
			isa = XCBuildConfiguration;
			buildSettings = {
				BUNDLE_LOADER = "$(TEST_HOST)";
				CODE_SIGN_STYLE = Automatic;
				CURRENT_PROJECT_VERSION = 1;
				DEVELOPMENT_TEAM = R9KFAQ2SXY;
				GENERATE_INFOPLIST_FILE = YES;
				IPHONEOS_DEPLOYMENT_TARGET = 18.1;
				MARKETING_VERSION = 1.0;
				PRODUCT_BUNDLE_IDENTIFIER = "Achieve-Health.Achieve-AppTests";
				PRODUCT_NAME = "$(TARGET_NAME)";
				SWIFT_EMIT_LOC_STRINGS = NO;
				SWIFT_VERSION = 5.0;
				TARGETED_DEVICE_FAMILY = "1,2";
				TEST_HOST = "$(BUILT_PRODUCTS_DIR)/Achieve App.app/$(BUNDLE_EXECUTABLE_FOLDER_PATH)/Achieve App";
			};
			name = Release;
		};
		C94788612D0232F600E0F0FE /* Debug */ = {
			isa = XCBuildConfiguration;
			buildSettings = {
				"CODE_SIGN_IDENTITY[sdk=macosx*]" = "-";
				CODE_SIGN_STYLE = Automatic;
				CURRENT_PROJECT_VERSION = 1;
				DEVELOPMENT_TEAM = R9KFAQ2SXY;
				GENERATE_INFOPLIST_FILE = YES;
				MARKETING_VERSION = 1.0;
				PRODUCT_BUNDLE_IDENTIFIER = "Achieve-Health.Achieve-AppUITests";
				PRODUCT_NAME = "$(TARGET_NAME)";
				SWIFT_EMIT_LOC_STRINGS = NO;
				SWIFT_VERSION = 5.0;
				TARGETED_DEVICE_FAMILY = "1,2";
				TEST_TARGET_NAME = "Achieve App";
			};
			name = Debug;
		};
		C94788622D0232F600E0F0FE /* Release */ = {
			isa = XCBuildConfiguration;
			buildSettings = {
				"CODE_SIGN_IDENTITY[sdk=macosx*]" = "-";
				CODE_SIGN_STYLE = Automatic;
				CURRENT_PROJECT_VERSION = 1;
				DEVELOPMENT_TEAM = R9KFAQ2SXY;
				GENERATE_INFOPLIST_FILE = YES;
				MARKETING_VERSION = 1.0;
				PRODUCT_BUNDLE_IDENTIFIER = "Achieve-Health.Achieve-AppUITests";
				PRODUCT_NAME = "$(TARGET_NAME)";
				SWIFT_EMIT_LOC_STRINGS = NO;
				SWIFT_VERSION = 5.0;
				TARGETED_DEVICE_FAMILY = "1,2";
				TEST_TARGET_NAME = "Achieve App";
			};
			name = Release;
		};
/* End XCBuildConfiguration section */

/* Begin XCConfigurationList section */
		C94788312D0232F500E0F0FE /* Build configuration list for PBXProject "Achieve App" */ = {
			isa = XCConfigurationList;
			buildConfigurations = (
				C94788582D0232F600E0F0FE /* Debug */,
				C94788592D0232F600E0F0FE /* Release */,
			);
			defaultConfigurationIsVisible = 0;
			defaultConfigurationName = Release;
		};
		C947885A2D0232F600E0F0FE /* Build configuration list for PBXNativeTarget "Achieve App" */ = {
			isa = XCConfigurationList;
			buildConfigurations = (
				C947885B2D0232F600E0F0FE /* Debug */,
				C947885C2D0232F600E0F0FE /* Release */,
			);
			defaultConfigurationIsVisible = 0;
			defaultConfigurationName = Release;
		};
		C947885D2D0232F600E0F0FE /* Build configuration list for PBXNativeTarget "Achieve AppTests" */ = {
			isa = XCConfigurationList;
			buildConfigurations = (
				C947885E2D0232F600E0F0FE /* Debug */,
				C947885F2D0232F600E0F0FE /* Release */,
			);
			defaultConfigurationIsVisible = 0;
			defaultConfigurationName = Release;
		};
		C94788602D0232F600E0F0FE /* Build configuration list for PBXNativeTarget "Achieve AppUITests" */ = {
			isa = XCConfigurationList;
			buildConfigurations = (
				C94788612D0232F600E0F0FE /* Debug */,
				C94788622D0232F600E0F0FE /* Release */,
			);
			defaultConfigurationIsVisible = 0;
			defaultConfigurationName = Release;
		};
/* End XCConfigurationList section */
	};
	rootObject = C947882E2D0232F500E0F0FE /* Project object */;
}
